
Microsoft Visual Studio Solution File, Format Version 12.00
# Visual Studio Version 17
VisualStudioVersion = 17.3.32929.385
MinimumVisualStudioVersion = 10.0.40219.1
Project("{FAE04EC0-301F-11D3-BF4B-00C04F79EFBC}") = "GameServer", "GameServer\GameServer.csproj", "{C0A9DEB4-EE0C-4EB4-B6DD-F7E42AF7895C}"
EndProject
Global
	GlobalSection(SolutionConfigurationPlatforms) = preSolution
		Debug|Any CPU = Debug|Any CPU
		Release|Any CPU = Release|Any CPU
	EndGlobalSection
	GlobalSection(ProjectConfigurationPlatforms) = postSolution
		{C0A9DEB4-EE0C-4EB4-B6DD-F7E42AF7895C}.Debug|Any CPU.ActiveCfg = Debug|Any CPU
		{C0A9DEB4-EE0C-4EB4-B6DD-F7E42AF7895C}.Debug|Any CPU.Build.0 = Debug|Any CPU
		{C0A9DEB4-EE0C-4EB4-B6DD-F7E42AF7895C}.Release|Any CPU.ActiveCfg = Release|Any CPU
		{C0A9DEB4-EE0C-4EB4-B6DD-F7E42AF7895C}.Release|Any CPU.Build.0 = Release|Any CPU
	EndGlobalSection
	GlobalSection(SolutionProperties) = preSolution
		HideSolutionNode = FALSE
	EndGlobalSection
	GlobalSection(ExtensibilityGlobals) = postSolution
		SolutionGuid = {E38C036E-7B8E-465C-AF42-5DBCB3B23BF2}
	EndGlobalSection
EndGlobal
